// !$*UTF8*$!
{
	archiveVersion = 1;
	classes = {
	};
	objectVersion = 55;
	objects = {

/* Begin PBXBuildFile section */
		23DE7E362891CF90000271B6 /* GoogleService-Info.plist in Resources */ = {isa = PBXBuildFile; fileRef = 23DE7E352891CF8F000271B6 /* GoogleService-Info.plist */; };
		4EAA49F12891B81A008CECAE /* VicinityApp.swift in Sources */ = {isa = PBXBuildFile; fileRef = 4EAA49F02891B81A008CECAE /* VicinityApp.swift */; };
		4EAA49F32891B81A008CECAE /* ContentView.swift in Sources */ = {isa = PBXBuildFile; fileRef = 4EAA49F22891B81A008CECAE /* ContentView.swift */; };
		4EAA49F52891B81B008CECAE /* Assets.xcassets in Resources */ = {isa = PBXBuildFile; fileRef = 4EAA49F42891B81B008CECAE /* Assets.xcassets */; };
		4EAA4A022891B81B008CECAE /* VicinityTests.swift in Sources */ = {isa = PBXBuildFile; fileRef = 4EAA4A012891B81B008CECAE /* VicinityTests.swift */; };
		4EAA4A0C2891B81C008CECAE /* VicinityUITests.swift in Sources */ = {isa = PBXBuildFile; fileRef = 4EAA4A0B2891B81C008CECAE /* VicinityUITests.swift */; };
		4EAA4A0E2891B81C008CECAE /* VicinityUITestsLaunchTests.swift in Sources */ = {isa = PBXBuildFile; fileRef = 4EAA4A0D2891B81C008CECAE /* VicinityUITestsLaunchTests.swift */; };
		4EAA4A4D2891BAEE008CECAE /* LaunchScreen.storyboard in Resources */ = {isa = PBXBuildFile; fileRef = 4EAA4A1B2891BAEE008CECAE /* LaunchScreen.storyboard */; };
		4EAA4A4E2891BAEE008CECAE /* HomePageViewModel.swift in Sources */ = {isa = PBXBuildFile; fileRef = 4EAA4A1F2891BAEE008CECAE /* HomePageViewModel.swift */; };
		4EAA4A4F2891BAEE008CECAE /* HomeView.swift in Sources */ = {isa = PBXBuildFile; fileRef = 4EAA4A212891BAEE008CECAE /* HomeView.swift */; };
		4EAA4A502891BAEE008CECAE /* HomePageView.swift in Sources */ = {isa = PBXBuildFile; fileRef = 4EAA4A222891BAEE008CECAE /* HomePageView.swift */; };
		4EAA4A512891BAEE008CECAE /* PostsFilterViewModel.swift in Sources */ = {isa = PBXBuildFile; fileRef = 4EAA4A252891BAEE008CECAE /* PostsFilterViewModel.swift */; };
		4EAA4A522891BAEE008CECAE /* ProfilePageView.swift in Sources */ = {isa = PBXBuildFile; fileRef = 4EAA4A272891BAEE008CECAE /* ProfilePageView.swift */; };
		4EAA4A542891BAEE008CECAE /* AuthViewModel.swift in Sources */ = {isa = PBXBuildFile; fileRef = 4EAA4A2B2891BAEE008CECAE /* AuthViewModel.swift */; };
		4EAA4A552891BAEE008CECAE /* AuthComps.swift in Sources */ = {isa = PBXBuildFile; fileRef = 4EAA4A2D2891BAEE008CECAE /* AuthComps.swift */; };
		4EAA4A562891BAEE008CECAE /* ConfirmEmailView.swift in Sources */ = {isa = PBXBuildFile; fileRef = 4EAA4A2F2891BAEE008CECAE /* ConfirmEmailView.swift */; };
		4EAA4A572891BAEE008CECAE /* LoginView.swift in Sources */ = {isa = PBXBuildFile; fileRef = 4EAA4A302891BAEE008CECAE /* LoginView.swift */; };
		4EAA4A582891BAEE008CECAE /* OpenAppView.swift in Sources */ = {isa = PBXBuildFile; fileRef = 4EAA4A312891BAEE008CECAE /* OpenAppView.swift */; };
		4EAA4A592891BAEE008CECAE /* ForgotPassView.swift in Sources */ = {isa = PBXBuildFile; fileRef = 4EAA4A322891BAEE008CECAE /* ForgotPassView.swift */; };
		4EAA4A5A2891BAEE008CECAE /* SignUpView.swift in Sources */ = {isa = PBXBuildFile; fileRef = 4EAA4A332891BAEE008CECAE /* SignUpView.swift */; };
		4EAA4A5B2891BAEE008CECAE /* IndividualPostView.swift in Sources */ = {isa = PBXBuildFile; fileRef = 4EAA4A362891BAEE008CECAE /* IndividualPostView.swift */; };
		4EAA4A5C2891BAEE008CECAE /* PostPageView.swift in Sources */ = {isa = PBXBuildFile; fileRef = 4EAA4A382891BAEE008CECAE /* PostPageView.swift */; };
		4EAA4A642891BAEE008CECAE /* ImagePicker.swift in Sources */ = {isa = PBXBuildFile; fileRef = 4EAA4A422891BAEE008CECAE /* ImagePicker.swift */; };
		4EAA4A652891BAEE008CECAE /* User.swift in Sources */ = {isa = PBXBuildFile; fileRef = 4EAA4A442891BAEE008CECAE /* User.swift */; };
		4EAA4A662891BAEE008CECAE /* Post.swift in Sources */ = {isa = PBXBuildFile; fileRef = 4EAA4A452891BAEE008CECAE /* Post.swift */; };
		4EAA4A672891BAEE008CECAE /* Extensions.swift in Sources */ = {isa = PBXBuildFile; fileRef = 4EAA4A462891BAEE008CECAE /* Extensions.swift */; };
		4EAA4A692891BAEE008CECAE /* ImageUploader.swift in Sources */ = {isa = PBXBuildFile; fileRef = 4EAA4A492891BAEE008CECAE /* ImageUploader.swift */; };
		4EAA4A6A2891BAEE008CECAE /* UserService.swift in Sources */ = {isa = PBXBuildFile; fileRef = 4EAA4A4A2891BAEE008CECAE /* UserService.swift */; };
		4EAA4A762891BC5B008CECAE /* SwiftEmailValidator in Frameworks */ = {isa = PBXBuildFile; productRef = 4EAA4A752891BC5B008CECAE /* SwiftEmailValidator */; };
		4EAA4A792891BCD0008CECAE /* NavigationStack in Frameworks */ = {isa = PBXBuildFile; productRef = 4EAA4A782891BCD0008CECAE /* NavigationStack */; };
		4EAA4ABD2891C888008CECAE /* FirebaseAnalytics in Frameworks */ = {isa = PBXBuildFile; productRef = 4EAA4ABC2891C888008CECAE /* FirebaseAnalytics */; };
		4EAA4ABF2891C888008CECAE /* FirebaseAnalyticsOnDeviceConversion in Frameworks */ = {isa = PBXBuildFile; productRef = 4EAA4ABE2891C888008CECAE /* FirebaseAnalyticsOnDeviceConversion */; };
		4EAA4AC12891C888008CECAE /* FirebaseAnalyticsSwift in Frameworks */ = {isa = PBXBuildFile; productRef = 4EAA4AC02891C888008CECAE /* FirebaseAnalyticsSwift */; };
		4EAA4AC32891C888008CECAE /* FirebaseAnalyticsWithoutAdIdSupport in Frameworks */ = {isa = PBXBuildFile; productRef = 4EAA4AC22891C888008CECAE /* FirebaseAnalyticsWithoutAdIdSupport */; };
		4EAA4AC52891C888008CECAE /* FirebaseAppCheck in Frameworks */ = {isa = PBXBuildFile; productRef = 4EAA4AC42891C888008CECAE /* FirebaseAppCheck */; };
		4EAA4AC72891C888008CECAE /* FirebaseAppDistribution-Beta in Frameworks */ = {isa = PBXBuildFile; productRef = 4EAA4AC62891C888008CECAE /* FirebaseAppDistribution-Beta */; };
		4EAA4AC92891C888008CECAE /* FirebaseAuth in Frameworks */ = {isa = PBXBuildFile; productRef = 4EAA4AC82891C888008CECAE /* FirebaseAuth */; };
		4EAA4ACB2891C888008CECAE /* FirebaseAuthCombine-Community in Frameworks */ = {isa = PBXBuildFile; productRef = 4EAA4ACA2891C888008CECAE /* FirebaseAuthCombine-Community */; };
		4EAA4ACD2891C888008CECAE /* FirebaseCrashlytics in Frameworks */ = {isa = PBXBuildFile; productRef = 4EAA4ACC2891C888008CECAE /* FirebaseCrashlytics */; };
		4EAA4ACF2891C888008CECAE /* FirebaseDatabase in Frameworks */ = {isa = PBXBuildFile; productRef = 4EAA4ACE2891C888008CECAE /* FirebaseDatabase */; };
		4EAA4AD12891C888008CECAE /* FirebaseDatabaseSwift in Frameworks */ = {isa = PBXBuildFile; productRef = 4EAA4AD02891C888008CECAE /* FirebaseDatabaseSwift */; };
		4EAA4AD32891C888008CECAE /* FirebaseDynamicLinks in Frameworks */ = {isa = PBXBuildFile; productRef = 4EAA4AD22891C888008CECAE /* FirebaseDynamicLinks */; };
		4EAA4AD52891C888008CECAE /* FirebaseFirestore in Frameworks */ = {isa = PBXBuildFile; productRef = 4EAA4AD42891C888008CECAE /* FirebaseFirestore */; };
		4EAA4AD72891C888008CECAE /* FirebaseFirestoreCombine-Community in Frameworks */ = {isa = PBXBuildFile; productRef = 4EAA4AD62891C888008CECAE /* FirebaseFirestoreCombine-Community */; };
		4EAA4AD92891C888008CECAE /* FirebaseFirestoreSwift in Frameworks */ = {isa = PBXBuildFile; productRef = 4EAA4AD82891C888008CECAE /* FirebaseFirestoreSwift */; };
		4EAA4ADB2891C888008CECAE /* FirebaseFunctions in Frameworks */ = {isa = PBXBuildFile; productRef = 4EAA4ADA2891C888008CECAE /* FirebaseFunctions */; };
		4EAA4ADD2891C888008CECAE /* FirebaseFunctionsCombine-Community in Frameworks */ = {isa = PBXBuildFile; productRef = 4EAA4ADC2891C888008CECAE /* FirebaseFunctionsCombine-Community */; };
		4EAA4ADF2891C888008CECAE /* FirebaseInAppMessaging-Beta in Frameworks */ = {isa = PBXBuildFile; productRef = 4EAA4ADE2891C888008CECAE /* FirebaseInAppMessaging-Beta */; };
		4EAA4AE12891C888008CECAE /* FirebaseInAppMessagingSwift-Beta in Frameworks */ = {isa = PBXBuildFile; productRef = 4EAA4AE02891C888008CECAE /* FirebaseInAppMessagingSwift-Beta */; };
		4EAA4AE32891C888008CECAE /* FirebaseInstallations in Frameworks */ = {isa = PBXBuildFile; productRef = 4EAA4AE22891C888008CECAE /* FirebaseInstallations */; };
		4EAA4AE52891C888008CECAE /* FirebaseMLModelDownloader in Frameworks */ = {isa = PBXBuildFile; productRef = 4EAA4AE42891C888008CECAE /* FirebaseMLModelDownloader */; };
		4EAA4AE72891C888008CECAE /* FirebaseMessaging in Frameworks */ = {isa = PBXBuildFile; productRef = 4EAA4AE62891C888008CECAE /* FirebaseMessaging */; };
		4EAA4AE92891C888008CECAE /* FirebasePerformance in Frameworks */ = {isa = PBXBuildFile; productRef = 4EAA4AE82891C888008CECAE /* FirebasePerformance */; };
		4EAA4AEB2891C888008CECAE /* FirebaseRemoteConfig in Frameworks */ = {isa = PBXBuildFile; productRef = 4EAA4AEA2891C888008CECAE /* FirebaseRemoteConfig */; };
		4EAA4AED2891C888008CECAE /* FirebaseRemoteConfigSwift in Frameworks */ = {isa = PBXBuildFile; productRef = 4EAA4AEC2891C888008CECAE /* FirebaseRemoteConfigSwift */; };
		4EAA4AEF2891C888008CECAE /* FirebaseStorage in Frameworks */ = {isa = PBXBuildFile; productRef = 4EAA4AEE2891C888008CECAE /* FirebaseStorage */; };
		4EAA4AF12891C888008CECAE /* FirebaseStorageCombine-Community in Frameworks */ = {isa = PBXBuildFile; productRef = 4EAA4AF02891C888008CECAE /* FirebaseStorageCombine-Community */; };
/* End PBXBuildFile section */

/* Begin PBXContainerItemProxy section */
		4EAA49FE2891B81B008CECAE /* PBXContainerItemProxy */ = {
			isa = PBXContainerItemProxy;
			containerPortal = 4EAA49E52891B819008CECAE /* Project object */;
			proxyType = 1;
			remoteGlobalIDString = 4EAA49EC2891B81A008CECAE;
			remoteInfo = Vicinity;
		};
		4EAA4A082891B81C008CECAE /* PBXContainerItemProxy */ = {
			isa = PBXContainerItemProxy;
			containerPortal = 4EAA49E52891B819008CECAE /* Project object */;
			proxyType = 1;
			remoteGlobalIDString = 4EAA49EC2891B81A008CECAE;
			remoteInfo = Vicinity;
		};
/* End PBXContainerItemProxy section */

/* Begin PBXFileReference section */
		41CEBA442891D69700AB1A1E /* GoogleService-Info.plist */ = {isa = PBXFileReference; fileEncoding = 4; lastKnownFileType = text.plist.xml; name = "GoogleService-Info.plist"; path = "../../../Downloads/GoogleService-Info.plist"; sourceTree = "<group>"; };
		41CEBA462891D69900AB1A1E /* GoogleService-Info.plist */ = {isa = PBXFileReference; lastKnownFileType = text.plist.xml; path = "GoogleService-Info.plist"; sourceTree = "<group>"; };
		4EAA49ED2891B81A008CECAE /* Vicinity.app */ = {isa = PBXFileReference; explicitFileType = wrapper.application; includeInIndex = 0; path = Vicinity.app; sourceTree = BUILT_PRODUCTS_DIR; };
		4EAA49F02891B81A008CECAE /* VicinityApp.swift */ = {isa = PBXFileReference; lastKnownFileType = sourcecode.swift; path = VicinityApp.swift; sourceTree = "<group>"; };
		4EAA49F22891B81A008CECAE /* ContentView.swift */ = {isa = PBXFileReference; lastKnownFileType = sourcecode.swift; path = ContentView.swift; sourceTree = "<group>"; };
		4EAA49F42891B81B008CECAE /* Assets.xcassets */ = {isa = PBXFileReference; lastKnownFileType = folder.assetcatalog; path = Assets.xcassets; sourceTree = "<group>"; };
		4EAA49FD2891B81B008CECAE /* VicinityTests.xctest */ = {isa = PBXFileReference; explicitFileType = wrapper.cfbundle; includeInIndex = 0; path = VicinityTests.xctest; sourceTree = BUILT_PRODUCTS_DIR; };
		4EAA4A012891B81B008CECAE /* VicinityTests.swift */ = {isa = PBXFileReference; lastKnownFileType = sourcecode.swift; path = VicinityTests.swift; sourceTree = "<group>"; };
		4EAA4A072891B81C008CECAE /* VicinityUITests.xctest */ = {isa = PBXFileReference; explicitFileType = wrapper.cfbundle; includeInIndex = 0; path = VicinityUITests.xctest; sourceTree = BUILT_PRODUCTS_DIR; };
		4EAA4A0B2891B81C008CECAE /* VicinityUITests.swift */ = {isa = PBXFileReference; lastKnownFileType = sourcecode.swift; path = VicinityUITests.swift; sourceTree = "<group>"; };
		4EAA4A0D2891B81C008CECAE /* VicinityUITestsLaunchTests.swift */ = {isa = PBXFileReference; lastKnownFileType = sourcecode.swift; path = VicinityUITestsLaunchTests.swift; sourceTree = "<group>"; };
		4EAA4A1B2891BAEE008CECAE /* LaunchScreen.storyboard */ = {isa = PBXFileReference; fileEncoding = 4; lastKnownFileType = file.storyboard; path = LaunchScreen.storyboard; sourceTree = "<group>"; };
		4EAA4A1F2891BAEE008CECAE /* HomePageViewModel.swift */ = {isa = PBXFileReference; fileEncoding = 4; lastKnownFileType = sourcecode.swift; path = HomePageViewModel.swift; sourceTree = "<group>"; };
		4EAA4A212891BAEE008CECAE /* HomeView.swift */ = {isa = PBXFileReference; fileEncoding = 4; lastKnownFileType = sourcecode.swift; path = HomeView.swift; sourceTree = "<group>"; };
		4EAA4A222891BAEE008CECAE /* HomePageView.swift */ = {isa = PBXFileReference; fileEncoding = 4; lastKnownFileType = sourcecode.swift; path = HomePageView.swift; sourceTree = "<group>"; };
		4EAA4A252891BAEE008CECAE /* PostsFilterViewModel.swift */ = {isa = PBXFileReference; fileEncoding = 4; lastKnownFileType = sourcecode.swift; path = PostsFilterViewModel.swift; sourceTree = "<group>"; };
		4EAA4A272891BAEE008CECAE /* ProfilePageView.swift */ = {isa = PBXFileReference; fileEncoding = 4; lastKnownFileType = sourcecode.swift; path = ProfilePageView.swift; sourceTree = "<group>"; };
		4EAA4A2B2891BAEE008CECAE /* AuthViewModel.swift */ = {isa = PBXFileReference; fileEncoding = 4; lastKnownFileType = sourcecode.swift; path = AuthViewModel.swift; sourceTree = "<group>"; };
		4EAA4A2D2891BAEE008CECAE /* AuthComps.swift */ = {isa = PBXFileReference; fileEncoding = 4; lastKnownFileType = sourcecode.swift; path = AuthComps.swift; sourceTree = "<group>"; };
		4EAA4A2F2891BAEE008CECAE /* ConfirmEmailView.swift */ = {isa = PBXFileReference; fileEncoding = 4; lastKnownFileType = sourcecode.swift; path = ConfirmEmailView.swift; sourceTree = "<group>"; };
		4EAA4A302891BAEE008CECAE /* LoginView.swift */ = {isa = PBXFileReference; fileEncoding = 4; lastKnownFileType = sourcecode.swift; path = LoginView.swift; sourceTree = "<group>"; };
		4EAA4A312891BAEE008CECAE /* OpenAppView.swift */ = {isa = PBXFileReference; fileEncoding = 4; lastKnownFileType = sourcecode.swift; path = OpenAppView.swift; sourceTree = "<group>"; };
		4EAA4A322891BAEE008CECAE /* ForgotPassView.swift */ = {isa = PBXFileReference; fileEncoding = 4; lastKnownFileType = sourcecode.swift; path = ForgotPassView.swift; sourceTree = "<group>"; };
		4EAA4A332891BAEE008CECAE /* SignUpView.swift */ = {isa = PBXFileReference; fileEncoding = 4; lastKnownFileType = sourcecode.swift; path = SignUpView.swift; sourceTree = "<group>"; };
		4EAA4A362891BAEE008CECAE /* IndividualPostView.swift */ = {isa = PBXFileReference; fileEncoding = 4; lastKnownFileType = sourcecode.swift; path = IndividualPostView.swift; sourceTree = "<group>"; };
		4EAA4A382891BAEE008CECAE /* PostPageView.swift */ = {isa = PBXFileReference; fileEncoding = 4; lastKnownFileType = sourcecode.swift; path = PostPageView.swift; sourceTree = "<group>"; };
		4EAA4A422891BAEE008CECAE /* ImagePicker.swift */ = {isa = PBXFileReference; fileEncoding = 4; lastKnownFileType = sourcecode.swift; path = ImagePicker.swift; sourceTree = "<group>"; };
		4EAA4A442891BAEE008CECAE /* User.swift */ = {isa = PBXFileReference; fileEncoding = 4; lastKnownFileType = sourcecode.swift; path = User.swift; sourceTree = "<group>"; };
		4EAA4A452891BAEE008CECAE /* Post.swift */ = {isa = PBXFileReference; fileEncoding = 4; lastKnownFileType = sourcecode.swift; path = Post.swift; sourceTree = "<group>"; };
		4EAA4A462891BAEE008CECAE /* Extensions.swift */ = {isa = PBXFileReference; fileEncoding = 4; lastKnownFileType = sourcecode.swift; path = Extensions.swift; sourceTree = "<group>"; };
		4EAA4A492891BAEE008CECAE /* ImageUploader.swift */ = {isa = PBXFileReference; fileEncoding = 4; lastKnownFileType = sourcecode.swift; path = ImageUploader.swift; sourceTree = "<group>"; };
		4EAA4A4A2891BAEE008CECAE /* UserService.swift */ = {isa = PBXFileReference; fileEncoding = 4; lastKnownFileType = sourcecode.swift; path = UserService.swift; sourceTree = "<group>"; };
/* End PBXFileReference section */

/* Begin PBXFrameworksBuildPhase section */
		4EAA49EA2891B81A008CECAE /* Frameworks */ = {
			isa = PBXFrameworksBuildPhase;
			buildActionMask = 2147483647;
			files = (
				4EAA4AE72891C888008CECAE /* FirebaseMessaging in Frameworks */,
				4EAA4A792891BCD0008CECAE /* NavigationStack in Frameworks */,
				4EAA4AD92891C888008CECAE /* FirebaseFirestoreSwift in Frameworks */,
				4EAA4AC32891C888008CECAE /* FirebaseAnalyticsWithoutAdIdSupport in Frameworks */,
				4EAA4ADB2891C888008CECAE /* FirebaseFunctions in Frameworks */,
				4EAA4A762891BC5B008CECAE /* SwiftEmailValidator in Frameworks */,
				4EAA4ABD2891C888008CECAE /* FirebaseAnalytics in Frameworks */,
				4EAA4AC92891C888008CECAE /* FirebaseAuth in Frameworks */,
				4EAA4AD32891C888008CECAE /* FirebaseDynamicLinks in Frameworks */,
				4EAA4ACD2891C888008CECAE /* FirebaseCrashlytics in Frameworks */,
				4EAA4AE52891C888008CECAE /* FirebaseMLModelDownloader in Frameworks */,
				4EAA4AD12891C888008CECAE /* FirebaseDatabaseSwift in Frameworks */,
				4EAA4AD52891C888008CECAE /* FirebaseFirestore in Frameworks */,
				4EAA4AE32891C888008CECAE /* FirebaseInstallations in Frameworks */,
				4EAA4ADD2891C888008CECAE /* FirebaseFunctionsCombine-Community in Frameworks */,
				4EAA4AD72891C888008CECAE /* FirebaseFirestoreCombine-Community in Frameworks */,
				4EAA4ACF2891C888008CECAE /* FirebaseDatabase in Frameworks */,
				4EAA4AE92891C888008CECAE /* FirebasePerformance in Frameworks */,
				4EAA4AC52891C888008CECAE /* FirebaseAppCheck in Frameworks */,
				4EAA4ABF2891C888008CECAE /* FirebaseAnalyticsOnDeviceConversion in Frameworks */,
				4EAA4AE12891C888008CECAE /* FirebaseInAppMessagingSwift-Beta in Frameworks */,
				4EAA4AED2891C888008CECAE /* FirebaseRemoteConfigSwift in Frameworks */,
				4EAA4AC12891C888008CECAE /* FirebaseAnalyticsSwift in Frameworks */,
				4EAA4AC72891C888008CECAE /* FirebaseAppDistribution-Beta in Frameworks */,
				4EAA4AEB2891C888008CECAE /* FirebaseRemoteConfig in Frameworks */,
				4EAA4AEF2891C888008CECAE /* FirebaseStorage in Frameworks */,
				4EAA4ACB2891C888008CECAE /* FirebaseAuthCombine-Community in Frameworks */,
				4EAA4AF12891C888008CECAE /* FirebaseStorageCombine-Community in Frameworks */,
				4EAA4ADF2891C888008CECAE /* FirebaseInAppMessaging-Beta in Frameworks */,
			);
			runOnlyForDeploymentPostprocessing = 0;
		};
		4EAA49FA2891B81B008CECAE /* Frameworks */ = {
			isa = PBXFrameworksBuildPhase;
			buildActionMask = 2147483647;
			files = (
			);
			runOnlyForDeploymentPostprocessing = 0;
		};
		4EAA4A042891B81C008CECAE /* Frameworks */ = {
			isa = PBXFrameworksBuildPhase;
			buildActionMask = 2147483647;
			files = (
			);
			runOnlyForDeploymentPostprocessing = 0;
		};
/* End PBXFrameworksBuildPhase section */

/* Begin PBXGroup section */
		4EAA49E42891B819008CECAE = {
			isa = PBXGroup;
			children = (
				41CEBA462891D69900AB1A1E /* GoogleService-Info.plist */,
				4EAA49EF2891B81A008CECAE /* Vicinity */,
				4EAA4A002891B81B008CECAE /* VicinityTests */,
				4EAA4A0A2891B81C008CECAE /* VicinityUITests */,
				4EAA49EE2891B81A008CECAE /* Products */,
			);
			sourceTree = "<group>";
		};
		4EAA49EE2891B81A008CECAE /* Products */ = {
			isa = PBXGroup;
			children = (
				4EAA49ED2891B81A008CECAE /* Vicinity.app */,
				4EAA49FD2891B81B008CECAE /* VicinityTests.xctest */,
				4EAA4A072891B81C008CECAE /* VicinityUITests.xctest */,
			);
			name = Products;
			sourceTree = "<group>";
		};
		4EAA49EF2891B81A008CECAE /* Vicinity */ = {
			isa = PBXGroup;
			children = (
				41CEBA442891D69700AB1A1E /* GoogleService-Info.plist */,
				4EAA4A1C2891BAEE008CECAE /* Core */,
				4EAA49F02891B81A008CECAE /* VicinityApp.swift */,
				4EAA49F22891B81A008CECAE /* ContentView.swift */,
				4EAA4A462891BAEE008CECAE /* Extensions.swift */,
				4EAA4A1B2891BAEE008CECAE /* LaunchScreen.storyboard */,
				4EAA49F42891B81B008CECAE /* Assets.xcassets */,
			);
			path = Vicinity;
			sourceTree = "<group>";
		};
		4EAA4A002891B81B008CECAE /* VicinityTests */ = {
			isa = PBXGroup;
			children = (
				4EAA4A012891B81B008CECAE /* VicinityTests.swift */,
			);
			path = VicinityTests;
			sourceTree = "<group>";
		};
		4EAA4A0A2891B81C008CECAE /* VicinityUITests */ = {
			isa = PBXGroup;
			children = (
				4EAA4A0B2891B81C008CECAE /* VicinityUITests.swift */,
				4EAA4A0D2891B81C008CECAE /* VicinityUITestsLaunchTests.swift */,
			);
			path = VicinityUITests;
			sourceTree = "<group>";
		};
		4EAA4A1C2891BAEE008CECAE /* Core */ = {
			isa = PBXGroup;
			children = (
				4EAA4A482891BAEE008CECAE /* Service */,
				4EAA4A432891BAEE008CECAE /* Models */,
				4EAA4A412891BAEE008CECAE /* Utils */,
				4EAA4A1D2891BAEE008CECAE /* Home */,
				4EAA4A232891BAEE008CECAE /* Profile */,
				4EAA4A292891BAEE008CECAE /* Authentication */,
				4EAA4A342891BAEE008CECAE /* Posting */,
			);
			path = Core;
			sourceTree = "<group>";
		};
		4EAA4A1D2891BAEE008CECAE /* Home */ = {
			isa = PBXGroup;
			children = (
				4EAA4A1E2891BAEE008CECAE /* ViewModels */,
				4EAA4A202891BAEE008CECAE /* Views */,
			);
			path = Home;
			sourceTree = "<group>";
		};
		4EAA4A1E2891BAEE008CECAE /* ViewModels */ = {
			isa = PBXGroup;
			children = (
				4EAA4A1F2891BAEE008CECAE /* HomePageViewModel.swift */,
			);
			path = ViewModels;
			sourceTree = "<group>";
		};
		4EAA4A202891BAEE008CECAE /* Views */ = {
			isa = PBXGroup;
			children = (
				4EAA4A212891BAEE008CECAE /* HomeView.swift */,
				4EAA4A222891BAEE008CECAE /* HomePageView.swift */,
			);
			path = Views;
			sourceTree = "<group>";
		};
		4EAA4A232891BAEE008CECAE /* Profile */ = {
			isa = PBXGroup;
			children = (
				4EAA4A242891BAEE008CECAE /* ViewModel */,
				4EAA4A262891BAEE008CECAE /* Views */,
			);
			path = Profile;
			sourceTree = "<group>";
		};
		4EAA4A242891BAEE008CECAE /* ViewModel */ = {
			isa = PBXGroup;
			children = (
				4EAA4A252891BAEE008CECAE /* PostsFilterViewModel.swift */,
			);
			path = ViewModel;
			sourceTree = "<group>";
		};
		4EAA4A262891BAEE008CECAE /* Views */ = {
			isa = PBXGroup;
			children = (
				4EAA4A272891BAEE008CECAE /* ProfilePageView.swift */,
			);
			path = Views;
			sourceTree = "<group>";
		};
		4EAA4A292891BAEE008CECAE /* Authentication */ = {
			isa = PBXGroup;
			children = (
				4EAA4A2A2891BAEE008CECAE /* ViewModels */,
				4EAA4A2C2891BAEE008CECAE /* Components */,
				4EAA4A2E2891BAEE008CECAE /* Views */,
			);
			path = Authentication;
			sourceTree = "<group>";
		};
		4EAA4A2A2891BAEE008CECAE /* ViewModels */ = {
			isa = PBXGroup;
			children = (
				4EAA4A2B2891BAEE008CECAE /* AuthViewModel.swift */,
			);
			path = ViewModels;
			sourceTree = "<group>";
		};
		4EAA4A2C2891BAEE008CECAE /* Components */ = {
			isa = PBXGroup;
			children = (
				4EAA4A2D2891BAEE008CECAE /* AuthComps.swift */,
			);
			path = Components;
			sourceTree = "<group>";
		};
		4EAA4A2E2891BAEE008CECAE /* Views */ = {
			isa = PBXGroup;
			children = (
				4EAA4A2F2891BAEE008CECAE /* ConfirmEmailView.swift */,
				4EAA4A302891BAEE008CECAE /* LoginView.swift */,
				4EAA4A312891BAEE008CECAE /* OpenAppView.swift */,
				4EAA4A322891BAEE008CECAE /* ForgotPassView.swift */,
				4EAA4A332891BAEE008CECAE /* SignUpView.swift */,
			);
			path = Views;
			sourceTree = "<group>";
		};
		4EAA4A342891BAEE008CECAE /* Posting */ = {
			isa = PBXGroup;
			children = (
				4EAA4A352891BAEE008CECAE /* Components */,
				4EAA4A372891BAEE008CECAE /* Views */,
			);
			path = Posting;
			sourceTree = "<group>";
		};
		4EAA4A352891BAEE008CECAE /* Components */ = {
			isa = PBXGroup;
			children = (
				4EAA4A362891BAEE008CECAE /* IndividualPostView.swift */,
			);
			path = Components;
			sourceTree = "<group>";
		};
		4EAA4A372891BAEE008CECAE /* Views */ = {
			isa = PBXGroup;
			children = (
				4EAA4A382891BAEE008CECAE /* PostPageView.swift */,
			);
			path = Views;
			sourceTree = "<group>";
		};
		4EAA4A412891BAEE008CECAE /* Utils */ = {
			isa = PBXGroup;
			children = (
				4EAA4A422891BAEE008CECAE /* ImagePicker.swift */,
			);
			path = Utils;
			sourceTree = "<group>";
		};
		4EAA4A432891BAEE008CECAE /* Models */ = {
			isa = PBXGroup;
			children = (
				4EAA4A442891BAEE008CECAE /* User.swift */,
				4EAA4A452891BAEE008CECAE /* Post.swift */,
			);
			path = Models;
			sourceTree = "<group>";
		};
		4EAA4A482891BAEE008CECAE /* Service */ = {
			isa = PBXGroup;
			children = (
				4EAA4A492891BAEE008CECAE /* ImageUploader.swift */,
				4EAA4A4A2891BAEE008CECAE /* UserService.swift */,
			);
			path = Service;
			sourceTree = "<group>";
		};
/* End PBXGroup section */

/* Begin PBXNativeTarget section */
		4EAA49EC2891B81A008CECAE /* Vicinity */ = {
			isa = PBXNativeTarget;
			buildConfigurationList = 4EAA4A112891B81C008CECAE /* Build configuration list for PBXNativeTarget "Vicinity" */;
			buildPhases = (
				4EAA49E92891B81A008CECAE /* Sources */,
				4EAA49EA2891B81A008CECAE /* Frameworks */,
				4EAA49EB2891B81A008CECAE /* Resources */,
			);
			buildRules = (
			);
			dependencies = (
				4EAA4A7B2891C21E008CECAE /* PBXTargetDependency */,
				4EAA4A7D2891C21E008CECAE /* PBXTargetDependency */,
				4EAA4A7F2891C21E008CECAE /* PBXTargetDependency */,
				4EAA4A812891C21E008CECAE /* PBXTargetDependency */,
				4EAA4A832891C21E008CECAE /* PBXTargetDependency */,
			);
			name = Vicinity;
			packageProductDependencies = (
				4EAA4A752891BC5B008CECAE /* SwiftEmailValidator */,
				4EAA4A782891BCD0008CECAE /* NavigationStack */,
				4EAA4ABC2891C888008CECAE /* FirebaseAnalytics */,
				4EAA4ABE2891C888008CECAE /* FirebaseAnalyticsOnDeviceConversion */,
				4EAA4AC02891C888008CECAE /* FirebaseAnalyticsSwift */,
				4EAA4AC22891C888008CECAE /* FirebaseAnalyticsWithoutAdIdSupport */,
				4EAA4AC42891C888008CECAE /* FirebaseAppCheck */,
				4EAA4AC62891C888008CECAE /* FirebaseAppDistribution-Beta */,
				4EAA4AC82891C888008CECAE /* FirebaseAuth */,
				4EAA4ACA2891C888008CECAE /* FirebaseAuthCombine-Community */,
				4EAA4ACC2891C888008CECAE /* FirebaseCrashlytics */,
				4EAA4ACE2891C888008CECAE /* FirebaseDatabase */,
				4EAA4AD02891C888008CECAE /* FirebaseDatabaseSwift */,
				4EAA4AD22891C888008CECAE /* FirebaseDynamicLinks */,
				4EAA4AD42891C888008CECAE /* FirebaseFirestore */,
				4EAA4AD62891C888008CECAE /* FirebaseFirestoreCombine-Community */,
				4EAA4AD82891C888008CECAE /* FirebaseFirestoreSwift */,
				4EAA4ADA2891C888008CECAE /* FirebaseFunctions */,
				4EAA4ADC2891C888008CECAE /* FirebaseFunctionsCombine-Community */,
				4EAA4ADE2891C888008CECAE /* FirebaseInAppMessaging-Beta */,
				4EAA4AE02891C888008CECAE /* FirebaseInAppMessagingSwift-Beta */,
				4EAA4AE22891C888008CECAE /* FirebaseInstallations */,
				4EAA4AE42891C888008CECAE /* FirebaseMLModelDownloader */,
				4EAA4AE62891C888008CECAE /* FirebaseMessaging */,
				4EAA4AE82891C888008CECAE /* FirebasePerformance */,
				4EAA4AEA2891C888008CECAE /* FirebaseRemoteConfig */,
				4EAA4AEC2891C888008CECAE /* FirebaseRemoteConfigSwift */,
				4EAA4AEE2891C888008CECAE /* FirebaseStorage */,
				4EAA4AF02891C888008CECAE /* FirebaseStorageCombine-Community */,
			);
			productName = Vicinity;
			productReference = 4EAA49ED2891B81A008CECAE /* Vicinity.app */;
			productType = "com.apple.product-type.application";
		};
		4EAA49FC2891B81B008CECAE /* VicinityTests */ = {
			isa = PBXNativeTarget;
			buildConfigurationList = 4EAA4A142891B81C008CECAE /* Build configuration list for PBXNativeTarget "VicinityTests" */;
			buildPhases = (
				4EAA49F92891B81B008CECAE /* Sources */,
				4EAA49FA2891B81B008CECAE /* Frameworks */,
				4EAA49FB2891B81B008CECAE /* Resources */,
			);
			buildRules = (
			);
			dependencies = (
				4EAA49FF2891B81B008CECAE /* PBXTargetDependency */,
			);
			name = VicinityTests;
			productName = VicinityTests;
			productReference = 4EAA49FD2891B81B008CECAE /* VicinityTests.xctest */;
			productType = "com.apple.product-type.bundle.unit-test";
		};
		4EAA4A062891B81C008CECAE /* VicinityUITests */ = {
			isa = PBXNativeTarget;
			buildConfigurationList = 4EAA4A172891B81C008CECAE /* Build configuration list for PBXNativeTarget "VicinityUITests" */;
			buildPhases = (
				4EAA4A032891B81C008CECAE /* Sources */,
				4EAA4A042891B81C008CECAE /* Frameworks */,
				4EAA4A052891B81C008CECAE /* Resources */,
			);
			buildRules = (
			);
			dependencies = (
				4EAA4A092891B81C008CECAE /* PBXTargetDependency */,
			);
			name = VicinityUITests;
			productName = VicinityUITests;
			productReference = 4EAA4A072891B81C008CECAE /* VicinityUITests.xctest */;
			productType = "com.apple.product-type.bundle.ui-testing";
		};
/* End PBXNativeTarget section */

/* Begin PBXProject section */
		4EAA49E52891B819008CECAE /* Project object */ = {
			isa = PBXProject;
			attributes = {
				BuildIndependentTargetsInParallel = 1;
				LastSwiftUpdateCheck = 1340;
				LastUpgradeCheck = 1340;
				TargetAttributes = {
					4EAA49EC2891B81A008CECAE = {
						CreatedOnToolsVersion = 13.4.1;
					};
					4EAA49FC2891B81B008CECAE = {
						CreatedOnToolsVersion = 13.4.1;
						TestTargetID = 4EAA49EC2891B81A008CECAE;
					};
					4EAA4A062891B81C008CECAE = {
						CreatedOnToolsVersion = 13.4.1;
						TestTargetID = 4EAA49EC2891B81A008CECAE;
					};
				};
			};
			buildConfigurationList = 4EAA49E82891B819008CECAE /* Build configuration list for PBXProject "Vicinity" */;
			compatibilityVersion = "Xcode 13.0";
			developmentRegion = en;
			hasScannedForEncodings = 0;
			knownRegions = (
				en,
				Base,
			);
			mainGroup = 4EAA49E42891B819008CECAE;
			packageReferences = (
				4EAA4A742891BC5B008CECAE /* XCRemoteSwiftPackageReference "SwiftEmailValidator" */,
				4EAA4A772891BCD0008CECAE /* XCRemoteSwiftPackageReference "swiftui-navigation-stack" */,
				4EAA4ABB2891C888008CECAE /* XCRemoteSwiftPackageReference "firebase-ios-sdk" */,
			);
			productRefGroup = 4EAA49EE2891B81A008CECAE /* Products */;
			projectDirPath = "";
			projectRoot = "";
			targets = (
				4EAA49EC2891B81A008CECAE /* Vicinity */,
				4EAA49FC2891B81B008CECAE /* VicinityTests */,
				4EAA4A062891B81C008CECAE /* VicinityUITests */,
			);
		};
/* End PBXProject section */

/* Begin PBXResourcesBuildPhase section */
		4EAA49EB2891B81A008CECAE /* Resources */ = {
			isa = PBXResourcesBuildPhase;
			buildActionMask = 2147483647;
			files = (
				4EAA4A4D2891BAEE008CECAE /* LaunchScreen.storyboard in Resources */,
				23DE7E362891CF90000271B6 /* GoogleService-Info.plist in Resources */,
				4EAA49F52891B81B008CECAE /* Assets.xcassets in Resources */,
				41CEBA452891D69700AB1A1E /* GoogleService-Info.plist in Resources */,
			);
			runOnlyForDeploymentPostprocessing = 0;
		};
		4EAA49FB2891B81B008CECAE /* Resources */ = {
			isa = PBXResourcesBuildPhase;
			buildActionMask = 2147483647;
			files = (
			);
			runOnlyForDeploymentPostprocessing = 0;
		};
		4EAA4A052891B81C008CECAE /* Resources */ = {
			isa = PBXResourcesBuildPhase;
			buildActionMask = 2147483647;
			files = (
			);
			runOnlyForDeploymentPostprocessing = 0;
		};
/* End PBXResourcesBuildPhase section */

/* Begin PBXSourcesBuildPhase section */
		4EAA49E92891B81A008CECAE /* Sources */ = {
			isa = PBXSourcesBuildPhase;
			buildActionMask = 2147483647;
			files = (
				4EAA4A6A2891BAEE008CECAE /* UserService.swift in Sources */,
				4EAA4A582891BAEE008CECAE /* OpenAppView.swift in Sources */,
				4EAA4A5A2891BAEE008CECAE /* SignUpView.swift in Sources */,
				4EAA4A512891BAEE008CECAE /* PostsFilterViewModel.swift in Sources */,
				4EAA4A592891BAEE008CECAE /* ForgotPassView.swift in Sources */,
				4EAA4A562891BAEE008CECAE /* ConfirmEmailView.swift in Sources */,
				4EAA49F32891B81A008CECAE /* ContentView.swift in Sources */,
				4EAA4A662891BAEE008CECAE /* Post.swift in Sources */,
				4EAA4A4F2891BAEE008CECAE /* HomeView.swift in Sources */,
				4EAA49F12891B81A008CECAE /* VicinityApp.swift in Sources */,
				4EAA4A5C2891BAEE008CECAE /* PostPageView.swift in Sources */,
				4EAA4A642891BAEE008CECAE /* ImagePicker.swift in Sources */,
				4EAA4A572891BAEE008CECAE /* LoginView.swift in Sources */,
				4EAA4A4E2891BAEE008CECAE /* HomePageViewModel.swift in Sources */,
				4EAA4A552891BAEE008CECAE /* AuthComps.swift in Sources */,
				4EAA4A502891BAEE008CECAE /* HomePageView.swift in Sources */,
				4EAA4A5B2891BAEE008CECAE /* IndividualPostView.swift in Sources */,
				4EAA4A672891BAEE008CECAE /* Extensions.swift in Sources */,
				4EAA4A652891BAEE008CECAE /* User.swift in Sources */,
				4EAA4A692891BAEE008CECAE /* ImageUploader.swift in Sources */,
				4EAA4A522891BAEE008CECAE /* ProfilePageView.swift in Sources */,
				4EAA4A542891BAEE008CECAE /* AuthViewModel.swift in Sources */,
			);
			runOnlyForDeploymentPostprocessing = 0;
		};
		4EAA49F92891B81B008CECAE /* Sources */ = {
			isa = PBXSourcesBuildPhase;
			buildActionMask = 2147483647;
			files = (
				4EAA4A022891B81B008CECAE /* VicinityTests.swift in Sources */,
			);
			runOnlyForDeploymentPostprocessing = 0;
		};
		4EAA4A032891B81C008CECAE /* Sources */ = {
			isa = PBXSourcesBuildPhase;
			buildActionMask = 2147483647;
			files = (
				4EAA4A0E2891B81C008CECAE /* VicinityUITestsLaunchTests.swift in Sources */,
				4EAA4A0C2891B81C008CECAE /* VicinityUITests.swift in Sources */,
			);
			runOnlyForDeploymentPostprocessing = 0;
		};
/* End PBXSourcesBuildPhase section */

/* Begin PBXTargetDependency section */
		4EAA49FF2891B81B008CECAE /* PBXTargetDependency */ = {
			isa = PBXTargetDependency;
			target = 4EAA49EC2891B81A008CECAE /* Vicinity */;
			targetProxy = 4EAA49FE2891B81B008CECAE /* PBXContainerItemProxy */;
		};
		4EAA4A092891B81C008CECAE /* PBXTargetDependency */ = {
			isa = PBXTargetDependency;
			target = 4EAA49EC2891B81A008CECAE /* Vicinity */;
			targetProxy = 4EAA4A082891B81C008CECAE /* PBXContainerItemProxy */;
		};
		4EAA4A7B2891C21E008CECAE /* PBXTargetDependency */ = {
			isa = PBXTargetDependency;
			productRef = 4EAA4A7A2891C21E008CECAE /* FirebaseAnalytics */;
		};
		4EAA4A7D2891C21E008CECAE /* PBXTargetDependency */ = {
			isa = PBXTargetDependency;
			productRef = 4EAA4A7C2891C21E008CECAE /* FirebaseAuth */;
		};
		4EAA4A7F2891C21E008CECAE /* PBXTargetDependency */ = {
			isa = PBXTargetDependency;
			productRef = 4EAA4A7E2891C21E008CECAE /* FirebaseFirestore */;
		};
		4EAA4A812891C21E008CECAE /* PBXTargetDependency */ = {
			isa = PBXTargetDependency;
			productRef = 4EAA4A802891C21E008CECAE /* SwiftEmailValidator */;
		};
		4EAA4A832891C21E008CECAE /* PBXTargetDependency */ = {
			isa = PBXTargetDependency;
			productRef = 4EAA4A822891C21E008CECAE /* NavigationStack */;
		};
/* End PBXTargetDependency section */

/* Begin XCBuildConfiguration section */
		4EAA4A0F2891B81C008CECAE /* Debug */ = {
			isa = XCBuildConfiguration;
			buildSettings = {
				ALWAYS_SEARCH_USER_PATHS = NO;
				CLANG_ANALYZER_NONNULL = YES;
				CLANG_ANALYZER_NUMBER_OBJECT_CONVERSION = YES_AGGRESSIVE;
				CLANG_CXX_LANGUAGE_STANDARD = "gnu++17";
				CLANG_ENABLE_MODULES = YES;
				CLANG_ENABLE_OBJC_ARC = YES;
				CLANG_ENABLE_OBJC_WEAK = YES;
				CLANG_WARN_BLOCK_CAPTURE_AUTORELEASING = YES;
				CLANG_WARN_BOOL_CONVERSION = YES;
				CLANG_WARN_COMMA = YES;
				CLANG_WARN_CONSTANT_CONVERSION = YES;
				CLANG_WARN_DEPRECATED_OBJC_IMPLEMENTATIONS = YES;
				CLANG_WARN_DIRECT_OBJC_ISA_USAGE = YES_ERROR;
				CLANG_WARN_DOCUMENTATION_COMMENTS = YES;
				CLANG_WARN_EMPTY_BODY = YES;
				CLANG_WARN_ENUM_CONVERSION = YES;
				CLANG_WARN_INFINITE_RECURSION = YES;
				CLANG_WARN_INT_CONVERSION = YES;
				CLANG_WARN_NON_LITERAL_NULL_CONVERSION = YES;
				CLANG_WARN_OBJC_IMPLICIT_RETAIN_SELF = YES;
				CLANG_WARN_OBJC_LITERAL_CONVERSION = YES;
				CLANG_WARN_OBJC_ROOT_CLASS = YES_ERROR;
				CLANG_WARN_QUOTED_INCLUDE_IN_FRAMEWORK_HEADER = YES;
				CLANG_WARN_RANGE_LOOP_ANALYSIS = YES;
				CLANG_WARN_STRICT_PROTOTYPES = YES;
				CLANG_WARN_SUSPICIOUS_MOVE = YES;
				CLANG_WARN_UNGUARDED_AVAILABILITY = YES_AGGRESSIVE;
				CLANG_WARN_UNREACHABLE_CODE = YES;
				CLANG_WARN__DUPLICATE_METHOD_MATCH = YES;
				COPY_PHASE_STRIP = NO;
				DEBUG_INFORMATION_FORMAT = dwarf;
				ENABLE_STRICT_OBJC_MSGSEND = YES;
				ENABLE_TESTABILITY = YES;
				GCC_C_LANGUAGE_STANDARD = gnu11;
				GCC_DYNAMIC_NO_PIC = NO;
				GCC_NO_COMMON_BLOCKS = YES;
				GCC_OPTIMIZATION_LEVEL = 0;
				GCC_PREPROCESSOR_DEFINITIONS = (
					"DEBUG=1",
					"$(inherited)",
				);
				GCC_WARN_64_TO_32_BIT_CONVERSION = YES;
				GCC_WARN_ABOUT_RETURN_TYPE = YES_ERROR;
				GCC_WARN_UNDECLARED_SELECTOR = YES;
				GCC_WARN_UNINITIALIZED_AUTOS = YES_AGGRESSIVE;
				GCC_WARN_UNUSED_FUNCTION = YES;
				GCC_WARN_UNUSED_VARIABLE = YES;
				IPHONEOS_DEPLOYMENT_TARGET = 15.5;
				MTL_ENABLE_DEBUG_INFO = INCLUDE_SOURCE;
				MTL_FAST_MATH = YES;
				ONLY_ACTIVE_ARCH = YES;
				SDKROOT = iphoneos;
				SWIFT_ACTIVE_COMPILATION_CONDITIONS = DEBUG;
				SWIFT_OPTIMIZATION_LEVEL = "-Onone";
			};
			name = Debug;
		};
		4EAA4A102891B81C008CECAE /* Release */ = {
			isa = XCBuildConfiguration;
			buildSettings = {
				ALWAYS_SEARCH_USER_PATHS = NO;
				CLANG_ANALYZER_NONNULL = YES;
				CLANG_ANALYZER_NUMBER_OBJECT_CONVERSION = YES_AGGRESSIVE;
				CLANG_CXX_LANGUAGE_STANDARD = "gnu++17";
				CLANG_ENABLE_MODULES = YES;
				CLANG_ENABLE_OBJC_ARC = YES;
				CLANG_ENABLE_OBJC_WEAK = YES;
				CLANG_WARN_BLOCK_CAPTURE_AUTORELEASING = YES;
				CLANG_WARN_BOOL_CONVERSION = YES;
				CLANG_WARN_COMMA = YES;
				CLANG_WARN_CONSTANT_CONVERSION = YES;
				CLANG_WARN_DEPRECATED_OBJC_IMPLEMENTATIONS = YES;
				CLANG_WARN_DIRECT_OBJC_ISA_USAGE = YES_ERROR;
				CLANG_WARN_DOCUMENTATION_COMMENTS = YES;
				CLANG_WARN_EMPTY_BODY = YES;
				CLANG_WARN_ENUM_CONVERSION = YES;
				CLANG_WARN_INFINITE_RECURSION = YES;
				CLANG_WARN_INT_CONVERSION = YES;
				CLANG_WARN_NON_LITERAL_NULL_CONVERSION = YES;
				CLANG_WARN_OBJC_IMPLICIT_RETAIN_SELF = YES;
				CLANG_WARN_OBJC_LITERAL_CONVERSION = YES;
				CLANG_WARN_OBJC_ROOT_CLASS = YES_ERROR;
				CLANG_WARN_QUOTED_INCLUDE_IN_FRAMEWORK_HEADER = YES;
				CLANG_WARN_RANGE_LOOP_ANALYSIS = YES;
				CLANG_WARN_STRICT_PROTOTYPES = YES;
				CLANG_WARN_SUSPICIOUS_MOVE = YES;
				CLANG_WARN_UNGUARDED_AVAILABILITY = YES_AGGRESSIVE;
				CLANG_WARN_UNREACHABLE_CODE = YES;
				CLANG_WARN__DUPLICATE_METHOD_MATCH = YES;
				COPY_PHASE_STRIP = NO;
				DEBUG_INFORMATION_FORMAT = "dwarf-with-dsym";
				ENABLE_NS_ASSERTIONS = NO;
				ENABLE_STRICT_OBJC_MSGSEND = YES;
				GCC_C_LANGUAGE_STANDARD = gnu11;
				GCC_NO_COMMON_BLOCKS = YES;
				GCC_WARN_64_TO_32_BIT_CONVERSION = YES;
				GCC_WARN_ABOUT_RETURN_TYPE = YES_ERROR;
				GCC_WARN_UNDECLARED_SELECTOR = YES;
				GCC_WARN_UNINITIALIZED_AUTOS = YES_AGGRESSIVE;
				GCC_WARN_UNUSED_FUNCTION = YES;
				GCC_WARN_UNUSED_VARIABLE = YES;
				IPHONEOS_DEPLOYMENT_TARGET = 15.5;
				MTL_ENABLE_DEBUG_INFO = NO;
				MTL_FAST_MATH = YES;
				SDKROOT = iphoneos;
				SWIFT_COMPILATION_MODE = wholemodule;
				SWIFT_OPTIMIZATION_LEVEL = "-O";
				VALIDATE_PRODUCT = YES;
			};
			name = Release;
		};
		4EAA4A122891B81C008CECAE /* Debug */ = {
			isa = XCBuildConfiguration;
			buildSettings = {
				ASSETCATALOG_COMPILER_APPICON_NAME = AppIcon;
				ASSETCATALOG_COMPILER_GLOBAL_ACCENT_COLOR_NAME = AccentColor;
				CODE_SIGN_STYLE = Automatic;
				CURRENT_PROJECT_VERSION = 1;
				DEVELOPMENT_ASSET_PATHS = "\"Vicinity/Preview Content\"";
				DEVELOPMENT_TEAM = KPHGBVUXUX;
				ENABLE_PREVIEWS = YES;
				GENERATE_INFOPLIST_FILE = YES;
				INFOPLIST_KEY_UIApplicationSceneManifest_Generation = YES;
				INFOPLIST_KEY_UIApplicationSupportsIndirectInputEvents = YES;
				INFOPLIST_KEY_UILaunchScreen_Generation = YES;
				INFOPLIST_KEY_UISupportedInterfaceOrientations_iPad = "UIInterfaceOrientationPortrait UIInterfaceOrientationPortraitUpsideDown UIInterfaceOrientationLandscapeLeft UIInterfaceOrientationLandscapeRight";
				INFOPLIST_KEY_UISupportedInterfaceOrientations_iPhone = "UIInterfaceOrientationPortrait UIInterfaceOrientationLandscapeLeft UIInterfaceOrientationLandscapeRight";
				LD_RUNPATH_SEARCH_PATHS = (
					"$(inherited)",
					"@executable_path/Frameworks",
				);
				MARKETING_VERSION = 1.0;
				PRODUCT_BUNDLE_IDENTIFIER = Vicnity.Vicinity;
				PRODUCT_NAME = "$(TARGET_NAME)";
				SWIFT_EMIT_LOC_STRINGS = YES;
				SWIFT_VERSION = 5.0;
				TARGETED_DEVICE_FAMILY = "1,2";
			};
			name = Debug;
		};
		4EAA4A132891B81C008CECAE /* Release */ = {
			isa = XCBuildConfiguration;
			buildSettings = {
				ASSETCATALOG_COMPILER_APPICON_NAME = AppIcon;
				ASSETCATALOG_COMPILER_GLOBAL_ACCENT_COLOR_NAME = AccentColor;
				CODE_SIGN_STYLE = Automatic;
				CURRENT_PROJECT_VERSION = 1;
				DEVELOPMENT_ASSET_PATHS = "\"Vicinity/Preview Content\"";
				DEVELOPMENT_TEAM = KPHGBVUXUX;
				ENABLE_PREVIEWS = YES;
				GENERATE_INFOPLIST_FILE = YES;
				INFOPLIST_KEY_UIApplicationSceneManifest_Generation = YES;
				INFOPLIST_KEY_UIApplicationSupportsIndirectInputEvents = YES;
				INFOPLIST_KEY_UILaunchScreen_Generation = YES;
				INFOPLIST_KEY_UISupportedInterfaceOrientations_iPad = "UIInterfaceOrientationPortrait UIInterfaceOrientationPortraitUpsideDown UIInterfaceOrientationLandscapeLeft UIInterfaceOrientationLandscapeRight";
				INFOPLIST_KEY_UISupportedInterfaceOrientations_iPhone = "UIInterfaceOrientationPortrait UIInterfaceOrientationLandscapeLeft UIInterfaceOrientationLandscapeRight";
				LD_RUNPATH_SEARCH_PATHS = (
					"$(inherited)",
					"@executable_path/Frameworks",
				);
				MARKETING_VERSION = 1.0;
				PRODUCT_BUNDLE_IDENTIFIER = Vicnity.Vicinity;
				PRODUCT_NAME = "$(TARGET_NAME)";
				SWIFT_EMIT_LOC_STRINGS = YES;
				SWIFT_VERSION = 5.0;
				TARGETED_DEVICE_FAMILY = "1,2";
			};
			name = Release;
		};
		4EAA4A152891B81C008CECAE /* Debug */ = {
			isa = XCBuildConfiguration;
			buildSettings = {
				ALWAYS_EMBED_SWIFT_STANDARD_LIBRARIES = YES;
				BUNDLE_LOADER = "$(TEST_HOST)";
				CODE_SIGN_STYLE = Automatic;
				CURRENT_PROJECT_VERSION = 1;
				DEVELOPMENT_TEAM = KPHGBVUXUX;
				GENERATE_INFOPLIST_FILE = YES;
				IPHONEOS_DEPLOYMENT_TARGET = 15.5;
				MARKETING_VERSION = 1.0;
				PRODUCT_BUNDLE_IDENTIFIER = Vicnity.VicinityTests;
				PRODUCT_NAME = "$(TARGET_NAME)";
				SWIFT_EMIT_LOC_STRINGS = NO;
				SWIFT_VERSION = 5.0;
				TARGETED_DEVICE_FAMILY = "1,2";
				TEST_HOST = "$(BUILT_PRODUCTS_DIR)/Vicinity.app/Vicinity";
			};
			name = Debug;
		};
		4EAA4A162891B81C008CECAE /* Release */ = {
			isa = XCBuildConfiguration;
			buildSettings = {
				ALWAYS_EMBED_SWIFT_STANDARD_LIBRARIES = YES;
				BUNDLE_LOADER = "$(TEST_HOST)";
				CODE_SIGN_STYLE = Automatic;
				CURRENT_PROJECT_VERSION = 1;
				DEVELOPMENT_TEAM = KPHGBVUXUX;
				GENERATE_INFOPLIST_FILE = YES;
				IPHONEOS_DEPLOYMENT_TARGET = 15.5;
				MARKETING_VERSION = 1.0;
				PRODUCT_BUNDLE_IDENTIFIER = Vicnity.VicinityTests;
				PRODUCT_NAME = "$(TARGET_NAME)";
				SWIFT_EMIT_LOC_STRINGS = NO;
				SWIFT_VERSION = 5.0;
				TARGETED_DEVICE_FAMILY = "1,2";
				TEST_HOST = "$(BUILT_PRODUCTS_DIR)/Vicinity.app/Vicinity";
			};
			name = Release;
		};
		4EAA4A182891B81C008CECAE /* Debug */ = {
			isa = XCBuildConfiguration;
			buildSettings = {
				ALWAYS_EMBED_SWIFT_STANDARD_LIBRARIES = YES;
				CODE_SIGN_STYLE = Automatic;
				CURRENT_PROJECT_VERSION = 1;
				DEVELOPMENT_TEAM = KPHGBVUXUX;
				GENERATE_INFOPLIST_FILE = YES;
				MARKETING_VERSION = 1.0;
				PRODUCT_BUNDLE_IDENTIFIER = Vicnity.VicinityUITests;
				PRODUCT_NAME = "$(TARGET_NAME)";
				SWIFT_EMIT_LOC_STRINGS = NO;
				SWIFT_VERSION = 5.0;
				TARGETED_DEVICE_FAMILY = "1,2";
				TEST_TARGET_NAME = Vicinity;
			};
			name = Debug;
		};
		4EAA4A192891B81C008CECAE /* Release */ = {
			isa = XCBuildConfiguration;
			buildSettings = {
				ALWAYS_EMBED_SWIFT_STANDARD_LIBRARIES = YES;
				CODE_SIGN_STYLE = Automatic;
				CURRENT_PROJECT_VERSION = 1;
				DEVELOPMENT_TEAM = KPHGBVUXUX;
				GENERATE_INFOPLIST_FILE = YES;
				MARKETING_VERSION = 1.0;
				PRODUCT_BUNDLE_IDENTIFIER = Vicnity.VicinityUITests;
				PRODUCT_NAME = "$(TARGET_NAME)";
				SWIFT_EMIT_LOC_STRINGS = NO;
				SWIFT_VERSION = 5.0;
				TARGETED_DEVICE_FAMILY = "1,2";
				TEST_TARGET_NAME = Vicinity;
			};
			name = Release;
		};
/* End XCBuildConfiguration section */

/* Begin XCConfigurationList section */
		4EAA49E82891B819008CECAE /* Build configuration list for PBXProject "Vicinity" */ = {
			isa = XCConfigurationList;
			buildConfigurations = (
				4EAA4A0F2891B81C008CECAE /* Debug */,
				4EAA4A102891B81C008CECAE /* Release */,
			);
			defaultConfigurationIsVisible = 0;
			defaultConfigurationName = Release;
		};
		4EAA4A112891B81C008CECAE /* Build configuration list for PBXNativeTarget "Vicinity" */ = {
			isa = XCConfigurationList;
			buildConfigurations = (
				4EAA4A122891B81C008CECAE /* Debug */,
				4EAA4A132891B81C008CECAE /* Release */,
			);
			defaultConfigurationIsVisible = 0;
			defaultConfigurationName = Release;
		};
		4EAA4A142891B81C008CECAE /* Build configuration list for PBXNativeTarget "VicinityTests" */ = {
			isa = XCConfigurationList;
			buildConfigurations = (
				4EAA4A152891B81C008CECAE /* Debug */,
				4EAA4A162891B81C008CECAE /* Release */,
			);
			defaultConfigurationIsVisible = 0;
			defaultConfigurationName = Release;
		};
		4EAA4A172891B81C008CECAE /* Build configuration list for PBXNativeTarget "VicinityUITests" */ = {
			isa = XCConfigurationList;
			buildConfigurations = (
				4EAA4A182891B81C008CECAE /* Debug */,
				4EAA4A192891B81C008CECAE /* Release */,
			);
			defaultConfigurationIsVisible = 0;
			defaultConfigurationName = Release;
		};
/* End XCConfigurationList section */

/* Begin XCRemoteSwiftPackageReference section */
		4EAA4A6D2891BC0E008CECAE /* XCRemoteSwiftPackageReference "firebase-ios-sdk" */ = {
			isa = XCRemoteSwiftPackageReference;
			repositoryURL = "https://github.com/firebase/firebase-ios-sdk";
			requirement = {
				kind = upToNextMajorVersion;
				minimumVersion = 9.0.0;
			};
		};
		4EAA4A742891BC5B008CECAE /* XCRemoteSwiftPackageReference "SwiftEmailValidator" */ = {
			isa = XCRemoteSwiftPackageReference;
			repositoryURL = "https://github.com/ekscrypto/SwiftEmailValidator.git";
			requirement = {
				kind = upToNextMajorVersion;
				minimumVersion = 1.0.0;
			};
		};
		4EAA4A772891BCD0008CECAE /* XCRemoteSwiftPackageReference "swiftui-navigation-stack" */ = {
			isa = XCRemoteSwiftPackageReference;
			repositoryURL = "https://github.com/matteopuc/swiftui-navigation-stack.git";
			requirement = {
				kind = upToNextMajorVersion;
				minimumVersion = 1.0.0;
			};
		};
		4EAA4ABB2891C888008CECAE /* XCRemoteSwiftPackageReference "firebase-ios-sdk" */ = {
			isa = XCRemoteSwiftPackageReference;
			repositoryURL = "https://github.com/firebase/firebase-ios-sdk";
			requirement = {
				kind = upToNextMajorVersion;
				minimumVersion = 9.0.0;
			};
		};
/* End XCRemoteSwiftPackageReference section */

/* Begin XCSwiftPackageProductDependency section */
		4EAA4A752891BC5B008CECAE /* SwiftEmailValidator */ = {
			isa = XCSwiftPackageProductDependency;
			package = 4EAA4A742891BC5B008CECAE /* XCRemoteSwiftPackageReference "SwiftEmailValidator" */;
			productName = SwiftEmailValidator;
		};
		4EAA4A782891BCD0008CECAE /* NavigationStack */ = {
			isa = XCSwiftPackageProductDependency;
			package = 4EAA4A772891BCD0008CECAE /* XCRemoteSwiftPackageReference "swiftui-navigation-stack" */;
			productName = NavigationStack;
		};
		4EAA4A7A2891C21E008CECAE /* FirebaseAnalytics */ = {
			isa = XCSwiftPackageProductDependency;
			package = 4EAA4A6D2891BC0E008CECAE /* XCRemoteSwiftPackageReference "firebase-ios-sdk" */;
			productName = FirebaseAnalytics;
		};
		4EAA4A7C2891C21E008CECAE /* FirebaseAuth */ = {
			isa = XCSwiftPackageProductDependency;
			package = 4EAA4A6D2891BC0E008CECAE /* XCRemoteSwiftPackageReference "firebase-ios-sdk" */;
			productName = FirebaseAuth;
		};
		4EAA4A7E2891C21E008CECAE /* FirebaseFirestore */ = {
			isa = XCSwiftPackageProductDependency;
			package = 4EAA4A6D2891BC0E008CECAE /* XCRemoteSwiftPackageReference "firebase-ios-sdk" */;
			productName = FirebaseFirestore;
		};
		4EAA4A802891C21E008CECAE /* SwiftEmailValidator */ = {
			isa = XCSwiftPackageProductDependency;
			package = 4EAA4A742891BC5B008CECAE /* XCRemoteSwiftPackageReference "SwiftEmailValidator" */;
			productName = SwiftEmailValidator;
		};
		4EAA4A822891C21E008CECAE /* NavigationStack */ = {
			isa = XCSwiftPackageProductDependency;
			package = 4EAA4A772891BCD0008CECAE /* XCRemoteSwiftPackageReference "swiftui-navigation-stack" */;
			productName = NavigationStack;
		};
		4EAA4ABC2891C888008CECAE /* FirebaseAnalytics */ = {
			isa = XCSwiftPackageProductDependency;
			package = 4EAA4ABB2891C888008CECAE /* XCRemoteSwiftPackageReference "firebase-ios-sdk" */;
			productName = FirebaseAnalytics;
		};
		4EAA4ABE2891C888008CECAE /* FirebaseAnalyticsOnDeviceConversion */ = {
			isa = XCSwiftPackageProductDependency;
			package = 4EAA4ABB2891C888008CECAE /* XCRemoteSwiftPackageReference "firebase-ios-sdk" */;
			productName = FirebaseAnalyticsOnDeviceConversion;
		};
		4EAA4AC02891C888008CECAE /* FirebaseAnalyticsSwift */ = {
			isa = XCSwiftPackageProductDependency;
			package = 4EAA4ABB2891C888008CECAE /* XCRemoteSwiftPackageReference "firebase-ios-sdk" */;
			productName = FirebaseAnalyticsSwift;
		};
		4EAA4AC22891C888008CECAE /* FirebaseAnalyticsWithoutAdIdSupport */ = {
			isa = XCSwiftPackageProductDependency;
			package = 4EAA4ABB2891C888008CECAE /* XCRemoteSwiftPackageReference "firebase-ios-sdk" */;
			productName = FirebaseAnalyticsWithoutAdIdSupport;
		};
		4EAA4AC42891C888008CECAE /* FirebaseAppCheck */ = {
			isa = XCSwiftPackageProductDependency;
			package = 4EAA4ABB2891C888008CECAE /* XCRemoteSwiftPackageReference "firebase-ios-sdk" */;
			productName = FirebaseAppCheck;
		};
		4EAA4AC62891C888008CECAE /* FirebaseAppDistribution-Beta */ = {
			isa = XCSwiftPackageProductDependency;
			package = 4EAA4ABB2891C888008CECAE /* XCRemoteSwiftPackageReference "firebase-ios-sdk" */;
			productName = "FirebaseAppDistribution-Beta";
		};
		4EAA4AC82891C888008CECAE /* FirebaseAuth */ = {
			isa = XCSwiftPackageProductDependency;
			package = 4EAA4ABB2891C888008CECAE /* XCRemoteSwiftPackageReference "firebase-ios-sdk" */;
			productName = FirebaseAuth;
		};
		4EAA4ACA2891C888008CECAE /* FirebaseAuthCombine-Community */ = {
			isa = XCSwiftPackageProductDependency;
			package = 4EAA4ABB2891C888008CECAE /* XCRemoteSwiftPackageReference "firebase-ios-sdk" */;
			productName = "FirebaseAuthCombine-Community";
		};
		4EAA4ACC2891C888008CECAE /* FirebaseCrashlytics */ = {
			isa = XCSwiftPackageProductDependency;
			package = 4EAA4ABB2891C888008CECAE /* XCRemoteSwiftPackageReference "firebase-ios-sdk" */;
			productName = FirebaseCrashlytics;
		};
		4EAA4ACE2891C888008CECAE /* FirebaseDatabase */ = {
			isa = XCSwiftPackageProductDependency;
			package = 4EAA4ABB2891C888008CECAE /* XCRemoteSwiftPackageReference "firebase-ios-sdk" */;
			productName = FirebaseDatabase;
		};
		4EAA4AD02891C888008CECAE /* FirebaseDatabaseSwift */ = {
			isa = XCSwiftPackageProductDependency;
			package = 4EAA4ABB2891C888008CECAE /* XCRemoteSwiftPackageReference "firebase-ios-sdk" */;
			productName = FirebaseDatabaseSwift;
		};
		4EAA4AD22891C888008CECAE /* FirebaseDynamicLinks */ = {
			isa = XCSwiftPackageProductDependency;
			package = 4EAA4ABB2891C888008CECAE /* XCRemoteSwiftPackageReference "firebase-ios-sdk" */;
			productName = FirebaseDynamicLinks;
		};
		4EAA4AD42891C888008CECAE /* FirebaseFirestore */ = {
			isa = XCSwiftPackageProductDependency;
			package = 4EAA4ABB2891C888008CECAE /* XCRemoteSwiftPackageReference "firebase-ios-sdk" */;
			productName = FirebaseFirestore;
		};
		4EAA4AD62891C888008CECAE /* FirebaseFirestoreCombine-Community */ = {
			isa = XCSwiftPackageProductDependency;
			package = 4EAA4ABB2891C888008CECAE /* XCRemoteSwiftPackageReference "firebase-ios-sdk" */;
			productName = "FirebaseFirestoreCombine-Community";
		};
		4EAA4AD82891C888008CECAE /* FirebaseFirestoreSwift */ = {
			isa = XCSwiftPackageProductDependency;
			package = 4EAA4ABB2891C888008CECAE /* XCRemoteSwiftPackageReference "firebase-ios-sdk" */;
			productName = FirebaseFirestoreSwift;
		};
		4EAA4ADA2891C888008CECAE /* FirebaseFunctions */ = {
			isa = XCSwiftPackageProductDependency;
			package = 4EAA4ABB2891C888008CECAE /* XCRemoteSwiftPackageReference "firebase-ios-sdk" */;
			productName = FirebaseFunctions;
		};
		4EAA4ADC2891C888008CECAE /* FirebaseFunctionsCombine-Community */ = {
			isa = XCSwiftPackageProductDependency;
			package = 4EAA4ABB2891C888008CECAE /* XCRemoteSwiftPackageReference "firebase-ios-sdk" */;
			productName = "FirebaseFunctionsCombine-Community";
		};
		4EAA4ADE2891C888008CECAE /* FirebaseInAppMessaging-Beta */ = {
			isa = XCSwiftPackageProductDependency;
			package = 4EAA4ABB2891C888008CECAE /* XCRemoteSwiftPackageReference "firebase-ios-sdk" */;
			productName = "FirebaseInAppMessaging-Beta";
		};
		4EAA4AE02891C888008CECAE /* FirebaseInAppMessagingSwift-Beta */ = {
			isa = XCSwiftPackageProductDependency;
			package = 4EAA4ABB2891C888008CECAE /* XCRemoteSwiftPackageReference "firebase-ios-sdk" */;
			productName = "FirebaseInAppMessagingSwift-Beta";
		};
		4EAA4AE22891C888008CECAE /* FirebaseInstallations */ = {
			isa = XCSwiftPackageProductDependency;
			package = 4EAA4ABB2891C888008CECAE /* XCRemoteSwiftPackageReference "firebase-ios-sdk" */;
			productName = FirebaseInstallations;
		};
		4EAA4AE42891C888008CECAE /* FirebaseMLModelDownloader */ = {
			isa = XCSwiftPackageProductDependency;
			package = 4EAA4ABB2891C888008CECAE /* XCRemoteSwiftPackageReference "firebase-ios-sdk" */;
			productName = FirebaseMLModelDownloader;
		};
		4EAA4AE62891C888008CECAE /* FirebaseMessaging */ = {
			isa = XCSwiftPackageProductDependency;
			package = 4EAA4ABB2891C888008CECAE /* XCRemoteSwiftPackageReference "firebase-ios-sdk" */;
			productName = FirebaseMessaging;
		};
		4EAA4AE82891C888008CECAE /* FirebasePerformance */ = {
			isa = XCSwiftPackageProductDependency;
			package = 4EAA4ABB2891C888008CECAE /* XCRemoteSwiftPackageReference "firebase-ios-sdk" */;
			productName = FirebasePerformance;
		};
		4EAA4AEA2891C888008CECAE /* FirebaseRemoteConfig */ = {
			isa = XCSwiftPackageProductDependency;
			package = 4EAA4ABB2891C888008CECAE /* XCRemoteSwiftPackageReference "firebase-ios-sdk" */;
			productName = FirebaseRemoteConfig;
		};
		4EAA4AEC2891C888008CECAE /* FirebaseRemoteConfigSwift */ = {
			isa = XCSwiftPackageProductDependency;
			package = 4EAA4ABB2891C888008CECAE /* XCRemoteSwiftPackageReference "firebase-ios-sdk" */;
			productName = FirebaseRemoteConfigSwift;
		};
		4EAA4AEE2891C888008CECAE /* FirebaseStorage */ = {
			isa = XCSwiftPackageProductDependency;
			package = 4EAA4ABB2891C888008CECAE /* XCRemoteSwiftPackageReference "firebase-ios-sdk" */;
			productName = FirebaseStorage;
		};
		4EAA4AF02891C888008CECAE /* FirebaseStorageCombine-Community */ = {
			isa = XCSwiftPackageProductDependency;
			package = 4EAA4ABB2891C888008CECAE /* XCRemoteSwiftPackageReference "firebase-ios-sdk" */;
			productName = "FirebaseStorageCombine-Community";
		};
/* End XCSwiftPackageProductDependency section */
	};
	rootObject = 4EAA49E52891B819008CECAE /* Project object */;
}
